
Microsoft Visual Studio Solution File, Format Version 12.00
# Visual Studio Version 16
VisualStudioVersion = 16.0.29519.161
MinimumVisualStudioVersion = 10.0.40219.1
Project("{FAE04EC0-301F-11D3-BF4B-00C04F79EFBC}") = "ShellBasic.Android", "ShellBasic\ShellBasic.Android\ShellBasic.Android.csproj", "{9AB8131B-A141-4BD0-A445-4FDD1CE5CE12}"
EndProject
Project("{FAE04EC0-301F-11D3-BF4B-00C04F79EFBC}") = "ShellBasic", "ShellBasic\ShellBasic\ShellBasic.csproj", "{A75FF635-D9A7-4C5E-A117-40CFE8FA9577}"
EndProject
Global
	GlobalSection(SolutionConfigurationPlatforms) = preSolution
		Debug|Any CPU = Debug|Any CPU
		Release|Any CPU = Release|Any CPU
	EndGlobalSection
	GlobalSection(ProjectConfigurationPlatforms) = postSolution
		{9AB8131B-A141-4BD0-A445-4FDD1CE5CE12}.Debug|Any CPU.ActiveCfg = Debug|Any CPU
		{9AB8131B-A141-4BD0-A445-4FDD1CE5CE12}.Debug|Any CPU.Build.0 = Debug|Any CPU
		{9AB8131B-A141-4BD0-A445-4FDD1CE5CE12}.Debug|Any CPU.Deploy.0 = Debug|Any CPU
		{9AB8131B-A141-4BD0-A445-4FDD1CE5CE12}.Release|Any CPU.ActiveCfg = Release|Any CPU
		{9AB8131B-A141-4BD0-A445-4FDD1CE5CE12}.Release|Any CPU.Build.0 = Release|Any CPU
		{9AB8131B-A141-4BD0-A445-4FDD1CE5CE12}.Release|Any CPU.Deploy.0 = Release|Any CPU
		{A75FF635-D9A7-4C5E-A117-40CFE8FA9577}.Debug|Any CPU.ActiveCfg = Debug|Any CPU
		{A75FF635-D9A7-4C5E-A117-40CFE8FA9577}.Debug|Any CPU.Build.0 = Debug|Any CPU
		{A75FF635-D9A7-4C5E-A117-40CFE8FA9577}.Debug|Any CPU.Deploy.0 = Debug|Any CPU
		{A75FF635-D9A7-4C5E-A117-40CFE8FA9577}.Release|Any CPU.ActiveCfg = Release|Any CPU
		{A75FF635-D9A7-4C5E-A117-40CFE8FA9577}.Release|Any CPU.Build.0 = Release|Any CPU
		{A75FF635-D9A7-4C5E-A117-40CFE8FA9577}.Release|Any CPU.Deploy.0 = Release|Any CPU
	EndGlobalSection
	GlobalSection(SolutionProperties) = preSolution
		HideSolutionNode = FALSE
	EndGlobalSection
	GlobalSection(ExtensibilityGlobals) = postSolution
		SolutionGuid = {35DE35FA-ACE6-420D-8275-CB8B2ED0F12B}
	EndGlobalSection
EndGlobal
